dependencies:
- name: postgresql
  repository: https://charts.bitnami.com/bitnami
  version: 15.1.2
- name: redis
  repository: https://charts.bitnami.com/bitnami
  version: 20.5.0
digest: sha256:f6f0cebba8a0306dd3ad2af5e90e1cbe2be21e8687c89c8d30b190e0559c7b02
generated: "2024-12-11T17:38:20.49706013Z"
