dependencies:
- name: postgresql
  repository: https://charts.bitnami.com/bitnami
  version: 15.1.2
- name: redis
  repository: https://charts.bitnami.com/bitnami
  version: 21.2.14
digest: sha256:2540fd28cb7477e0220981100dbe369ad53f4c6a9b566f1b13b4e73e84d18d08
generated: "2025-08-04T19:33:44.245315607Z"
