dependencies:
- name: postgresql
  repository: https://charts.bitnami.com/bitnami
  version: 15.1.2
- name: redis
  repository: https://charts.bitnami.com/bitnami
  version: 20.4.0
digest: sha256:212d94c3101e8d63a709a29a6b6f5a898c64a46d7c8c53bcd50e7eb05d3c8246
generated: "2024-12-04T05:40:05.415173005Z"
